
Microsoft Visual Studio Solution File, Format Version 12.00
# Visual Studio Version 17
VisualStudioVersion = 17.11.35219.272
MinimumVisualStudioVersion = 10.0.40219.1
Project("{FAE04EC0-301F-11D3-BF4B-00C04F79EFBC}") = "ReactWithAsp.Server", "ReactWithAsp.Server\ReactWithAsp.Server.csproj", "{41F7E47A-0F87-41DF-9952-22751361AE39}"
EndProject
Project("{54A90642-561A-4BB1-A94E-469ADEE60C69}") = "reactwithasp.client", "reactwithasp.client\reactwithasp.client.esproj", "{E11DFC33-9995-48BF-8729-34C97F3727DC}"
EndProject
Global
	GlobalSection(SolutionConfigurationPlatforms) = preSolution
		Debug|Any CPU = Debug|Any CPU
		Release|Any CPU = Release|Any CPU
	EndGlobalSection
	GlobalSection(ProjectConfigurationPlatforms) = postSolution
		{41F7E47A-0F87-41DF-9952-22751361AE39}.Debug|Any CPU.ActiveCfg = Debug|Any CPU
		{41F7E47A-0F87-41DF-9952-22751361AE39}.Debug|Any CPU.Build.0 = Debug|Any CPU
		{41F7E47A-0F87-41DF-9952-22751361AE39}.Release|Any CPU.ActiveCfg = Release|Any CPU
		{41F7E47A-0F87-41DF-9952-22751361AE39}.Release|Any CPU.Build.0 = Release|Any CPU
		{E11DFC33-9995-48BF-8729-34C97F3727DC}.Debug|Any CPU.ActiveCfg = Debug|Any CPU
		{E11DFC33-9995-48BF-8729-34C97F3727DC}.Debug|Any CPU.Build.0 = Debug|Any CPU
		{E11DFC33-9995-48BF-8729-34C97F3727DC}.Debug|Any CPU.Deploy.0 = Debug|Any CPU
		{E11DFC33-9995-48BF-8729-34C97F3727DC}.Release|Any CPU.ActiveCfg = Release|Any CPU
		{E11DFC33-9995-48BF-8729-34C97F3727DC}.Release|Any CPU.Build.0 = Release|Any CPU
		{E11DFC33-9995-48BF-8729-34C97F3727DC}.Release|Any CPU.Deploy.0 = Release|Any CPU
	EndGlobalSection
	GlobalSection(SolutionProperties) = preSolution
		HideSolutionNode = FALSE
	EndGlobalSection
	GlobalSection(ExtensibilityGlobals) = postSolution
		SolutionGuid = {87A7CDA6-A06E-4EEC-9620-3D24CF19C07C}
	EndGlobalSection
EndGlobal
