
Microsoft Visual Studio Solution File, Format Version 12.00
# Visual Studio Version 17
VisualStudioVersion = 17.11.35219.272
MinimumVisualStudioVersion = 10.0.40219.1
Project("{9A19103F-16F7-4668-BE54-9A1E7A4F7556}") = "NextWithAsp.Server", "NextWithAsp.Server\NextWithAsp.Server.csproj", "{21E4B7F0-2C29-4563-83A4-5BD4651AC717}"
EndProject
Project("{54A90642-561A-4BB1-A94E-469ADEE60C69}") = "nextwithasp.client", "nextwithasp.client\nextwithasp.client.esproj", "{7B27A51A-6DCA-496A-8821-5FA62CB19C62}"
EndProject
Global
	GlobalSection(SolutionConfigurationPlatforms) = preSolution
		Debug|Any CPU = Debug|Any CPU
		Debug|x64 = Debug|x64
		Release|Any CPU = Release|Any CPU
		Release|x64 = Release|x64
	EndGlobalSection
	GlobalSection(ProjectConfigurationPlatforms) = postSolution
		{21E4B7F0-2C29-4563-83A4-5BD4651AC717}.Debug|Any CPU.ActiveCfg = Debug|Any CPU
		{21E4B7F0-2C29-4563-83A4-5BD4651AC717}.Debug|Any CPU.Build.0 = Debug|Any CPU
		{21E4B7F0-2C29-4563-83A4-5BD4651AC717}.Debug|x64.ActiveCfg = Debug|Any CPU
		{21E4B7F0-2C29-4563-83A4-5BD4651AC717}.Debug|x64.Build.0 = Debug|Any CPU
		{21E4B7F0-2C29-4563-83A4-5BD4651AC717}.Release|Any CPU.ActiveCfg = Release|Any CPU
		{21E4B7F0-2C29-4563-83A4-5BD4651AC717}.Release|Any CPU.Build.0 = Release|Any CPU
		{21E4B7F0-2C29-4563-83A4-5BD4651AC717}.Release|x64.ActiveCfg = Release|x64
		{21E4B7F0-2C29-4563-83A4-5BD4651AC717}.Release|x64.Build.0 = Release|x64
		{7B27A51A-6DCA-496A-8821-5FA62CB19C62}.Debug|Any CPU.ActiveCfg = Debug|Any CPU
		{7B27A51A-6DCA-496A-8821-5FA62CB19C62}.Debug|Any CPU.Build.0 = Debug|Any CPU
		{7B27A51A-6DCA-496A-8821-5FA62CB19C62}.Debug|Any CPU.Deploy.0 = Debug|Any CPU
		{7B27A51A-6DCA-496A-8821-5FA62CB19C62}.Debug|x64.ActiveCfg = Debug|Any CPU
		{7B27A51A-6DCA-496A-8821-5FA62CB19C62}.Release|Any CPU.ActiveCfg = Release|Any CPU
		{7B27A51A-6DCA-496A-8821-5FA62CB19C62}.Release|Any CPU.Build.0 = Release|Any CPU
		{7B27A51A-6DCA-496A-8821-5FA62CB19C62}.Release|Any CPU.Deploy.0 = Release|Any CPU
		{7B27A51A-6DCA-496A-8821-5FA62CB19C62}.Release|x64.ActiveCfg = Release|Any CPU
	EndGlobalSection
	GlobalSection(SolutionProperties) = preSolution
		HideSolutionNode = FALSE
	EndGlobalSection
	GlobalSection(ExtensibilityGlobals) = postSolution
		SolutionGuid = {C45F645D-2CB1-4129-86ED-6D8854514797}
	EndGlobalSection
EndGlobal
